{
  "name": "buscador-de-quadrinhos.github.io",
  "version": "0.0.1",
  "lockfileVersion": 1,
  "requires": true,
  "dependencies": {
    "webpack-es6-boilerplate": {
      "version": "1.0.1",
      "resolved": "https://registry.npmjs.org/webpack-es6-boilerplate/-/webpack-es6-boilerplate-1.0.1.tgz",
      "integrity": "sha512-A01UxAovIeIyNQ7/YbSiPYItVxuKuQioTsCS/MAmc7qNnQkDbd3zeUT2Yk0he/VTqW/HbEhkLvm8HEANMdJ5IQ=="
    }
  }
}
